
Microsoft Visual Studio Solution File, Format Version 12.00
# Visual Studio Version 17
VisualStudioVersion = 17.3.32825.248
MinimumVisualStudioVersion = 10.0.40219.1
Project("{FAE04EC0-301F-11D3-BF4B-00C04F79EFBC}") = "6 HW", "6 HW\6 HW.csproj", "{55431771-0A11-440D-8345-890B73DE5F09}"
EndProject
Project("{9A19103F-16F7-4668-BE54-9A1E7A4F7556}") = "6", "..\6\6\6.csproj", "{FAA49F05-AA60-40C8-B31E-20786ED6FB1E}"
EndProject
Global
	GlobalSection(SolutionConfigurationPlatforms) = preSolution
		Debug|Any CPU = Debug|Any CPU
		Release|Any CPU = Release|Any CPU
	EndGlobalSection
	GlobalSection(ProjectConfigurationPlatforms) = postSolution
		{55431771-0A11-440D-8345-890B73DE5F09}.Debug|Any CPU.ActiveCfg = Debug|Any CPU
		{55431771-0A11-440D-8345-890B73DE5F09}.Debug|Any CPU.Build.0 = Debug|Any CPU
		{55431771-0A11-440D-8345-890B73DE5F09}.Release|Any CPU.ActiveCfg = Release|Any CPU
		{55431771-0A11-440D-8345-890B73DE5F09}.Release|Any CPU.Build.0 = Release|Any CPU
		{FAA49F05-AA60-40C8-B31E-20786ED6FB1E}.Debug|Any CPU.ActiveCfg = Debug|Any CPU
		{FAA49F05-AA60-40C8-B31E-20786ED6FB1E}.Debug|Any CPU.Build.0 = Debug|Any CPU
		{FAA49F05-AA60-40C8-B31E-20786ED6FB1E}.Release|Any CPU.ActiveCfg = Release|Any CPU
		{FAA49F05-AA60-40C8-B31E-20786ED6FB1E}.Release|Any CPU.Build.0 = Release|Any CPU
	EndGlobalSection
	GlobalSection(SolutionProperties) = preSolution
		HideSolutionNode = FALSE
	EndGlobalSection
	GlobalSection(ExtensibilityGlobals) = postSolution
		SolutionGuid = {8BC376CE-1A55-473A-9B04-15D385394CEE}
	EndGlobalSection
EndGlobal
